
Microsoft Visual Studio Solution File, Format Version 12.00
# Visual Studio Version 17
VisualStudioVersion = 17.2.32630.192
MinimumVisualStudioVersion = 10.0.40219.1
Project("{FAE04EC0-301F-11D3-BF4B-00C04F79EFBC}") = "DSSV", "DSSV\DSSV.csproj", "{64908AD7-2543-4E12-BF43-3B04CD2CD378}"
EndProject
Global
	GlobalSection(SolutionConfigurationPlatforms) = preSolution
		Debug|Any CPU = Debug|Any CPU
		Release|Any CPU = Release|Any CPU
	EndGlobalSection
	GlobalSection(ProjectConfigurationPlatforms) = postSolution
		{64908AD7-2543-4E12-BF43-3B04CD2CD378}.Debug|Any CPU.ActiveCfg = Debug|Any CPU
		{64908AD7-2543-4E12-BF43-3B04CD2CD378}.Debug|Any CPU.Build.0 = Debug|Any CPU
		{64908AD7-2543-4E12-BF43-3B04CD2CD378}.Release|Any CPU.ActiveCfg = Release|Any CPU
		{64908AD7-2543-4E12-BF43-3B04CD2CD378}.Release|Any CPU.Build.0 = Release|Any CPU
	EndGlobalSection
	GlobalSection(SolutionProperties) = preSolution
		HideSolutionNode = FALSE
	EndGlobalSection
	GlobalSection(ExtensibilityGlobals) = postSolution
		SolutionGuid = {F6039F8B-C86E-4A91-ACD2-49FD1DDB88B1}
	EndGlobalSection
EndGlobal
